
Microsoft Visual Studio Solution File, Format Version 12.00
# Visual Studio 15
VisualStudioVersion = 15.0.27428.2043
MinimumVisualStudioVersion = 10.0.40219.1
Project("{FAE04EC0-301F-11D3-BF4B-00C04F79EFBC}") = "WpfVersion1.0", "WpfVersion1.0\WpfVersion1.0.csproj", "{D3767919-7460-4404-B698-AF2847FC216E}"
EndProject
Global
	GlobalSection(SolutionConfigurationPlatforms) = preSolution
		Debug|Any CPU = Debug|Any CPU
		Release|Any CPU = Release|Any CPU
	EndGlobalSection
	GlobalSection(ProjectConfigurationPlatforms) = postSolution
		{D3767919-7460-4404-B698-AF2847FC216E}.Debug|Any CPU.ActiveCfg = Debug|Any CPU
		{D3767919-7460-4404-B698-AF2847FC216E}.Debug|Any CPU.Build.0 = Debug|Any CPU
		{D3767919-7460-4404-B698-AF2847FC216E}.Release|Any CPU.ActiveCfg = Release|Any CPU
		{D3767919-7460-4404-B698-AF2847FC216E}.Release|Any CPU.Build.0 = Release|Any CPU
	EndGlobalSection
	GlobalSection(SolutionProperties) = preSolution
		HideSolutionNode = FALSE
	EndGlobalSection
	GlobalSection(ExtensibilityGlobals) = postSolution
		SolutionGuid = {E5CC9D6C-EA13-4A43-B821-A1B2EAAFB33B}
	EndGlobalSection
EndGlobal
